{
  "name": "discord-tutorial-bot",
  "version": "1.0.0",
  "lockfileVersion": 1,
  "requires": true,
  "dependencies": {
    "@canvacord/assets": {
      "version": "1.0.0"
    },
    "canvacord": {
      "version": "5.0.7",
      "resolved": "https://registry.npmjs.org/canvacord/-/canvacord-5.0.7.tgz",
      "integrity": "sha512-G8Qw5SL2XwV+fMJoI7vaEIQbtag4LVm5GWgANhvp6lTcl5g32yCp9Vm8C7/SDXyPcoO9WfaWZjz2sBHyl4LLzg==",
      "requires": {
        "@canvacord/assets": "^1.0.0",
        "canvas": "^2.6.1",
        "gifencoder": "^2.0.1",
        "moment": "^2.29.0",
        "moment-duration-format": "^2.3.2",
        "node-canvas-with-twemoji-and-discord-emoji": "^1.1.4"
      }
    },
    "canvacord-assets": {
      "version": "1.1.0"
    },
    "canvas": {
      "version": "2.6.1",
      "requires": {
        "nan": "^2.14.0",
        "node-pre-gyp": "^0.11.0",
        "simple-get": "^3.0.3"
      }
    },
    "discord.js": {
      "version": "12.3.1",
      "requires": {
        "@discordjs/collection": "^0.1.6",
        "@discordjs/form-data": "^3.0.1",
        "abort-controller": "^3.0.0",
        "node-fetch": "^2.6.0",
        "prism-media": "^1.2.2",
        "setimmediate": "^1.0.5",
        "tweetnacl": "^1.0.3",
        "ws": "^7.3.1"
      }
    },
    "fs": {
      "version": "0.0.2"
    },
    "gifencoder": {
      "version": "2.0.1",
      "requires": {
        "canvas": "^2.2.0"
      }
    },
    "hastebin-gen": {
      "version": "2.0.5",
      "requires": {
        "node-fetch": "^2.6.0"
      }
    },
    "jumble-words": {
      "version": "1.0.1"
    },
    "moment": {
      "version": "2.29.1"
    },
    "moment-duration-format": {
      "version": "2.3.2"
    },
    "node-canvas-with-twemoji-and-discord-emoji": {
      "version": "1.1.4",
      "requires": {
        "canvas": "^2.6.1",
        "twemoji": "^12.1.5"
      }
    },
    "node-fetch": {
      "version": "2.6.1"
    },
    "quick.db": {
      "version": "7.1.2",
      "requires": {
        "better-sqlite3": "^6.0.1",
        "lodash": "4.17.19"
      }
    },
    "twemoji": {
      "version": "13.0.1",
      "requires": {
        "fs-extra": "^8.0.1",
        "jsonfile": "^5.0.0",
        "twemoji-parser": "13.0.0",
        "universalify": "^0.1.2"
      }
    },
    "twemoji-parser": {
      "version": "13.0.0"
    }
  }
}
